
Microsoft Visual Studio Solution File, Format Version 12.00
# Visual Studio Version 17
VisualStudioVersion = 17.2.32630.192
MinimumVisualStudioVersion = 10.0.40219.1
Project("{2150E333-8FDC-42A3-9474-1A3956D46DE8}") = "2_Clients", "2_Clients", "{CB963EF2-186E-44F9-BEDC-C06BDDC059B9}"
EndProject
Project("{2150E333-8FDC-42A3-9474-1A3956D46DE8}") = "0_Core", "0_Core", "{0A94493F-1B63-480E-BFED-4C58ED5E5A6F}"
EndProject
Project("{2150E333-8FDC-42A3-9474-1A3956D46DE8}") = "1_Server", "1_Server", "{C401C79B-772C-4550-B79A-0EF79A24E1BB}"
EndProject
Project("{9A19103F-16F7-4668-BE54-9A1E7A4F7556}") = "Core", "0_Core\Core.csproj", "{6342EB97-8824-4229-BA5C-16A8CDADB87E}"
EndProject
Project("{9A19103F-16F7-4668-BE54-9A1E7A4F7556}") = "Server", "1_Server\Server.csproj", "{1237CA79-8507-49D2-9634-A1675CCAFC74}"
EndProject
Project("{9A19103F-16F7-4668-BE54-9A1E7A4F7556}") = "Console", "2_Client\Console\Console.csproj", "{7517758D-3391-470B-B7D7-83C4CB716767}"
EndProject
Project("{FAE04EC0-301F-11D3-BF4B-00C04F79EFBC}") = "RhinoGH", "2_Client\RhinoGH\RhinoGH.csproj", "{430A638C-DFA1-4263-AE50-8D7C16213B7A}"
EndProject
Global
	GlobalSection(SolutionConfigurationPlatforms) = preSolution
		Debug|Any CPU = Debug|Any CPU
		Debug|ARM = Debug|ARM
		Debug|ARM64 = Debug|ARM64
		Debug|x64 = Debug|x64
		Debug|x86 = Debug|x86
		Release|Any CPU = Release|Any CPU
		Release|ARM = Release|ARM
		Release|ARM64 = Release|ARM64
		Release|x64 = Release|x64
		Release|x86 = Release|x86
	EndGlobalSection
	GlobalSection(ProjectConfigurationPlatforms) = postSolution
		{6342EB97-8824-4229-BA5C-16A8CDADB87E}.Debug|Any CPU.ActiveCfg = Debug|Any CPU
		{6342EB97-8824-4229-BA5C-16A8CDADB87E}.Debug|Any CPU.Build.0 = Debug|Any CPU
		{6342EB97-8824-4229-BA5C-16A8CDADB87E}.Debug|ARM.ActiveCfg = Debug|Any CPU
		{6342EB97-8824-4229-BA5C-16A8CDADB87E}.Debug|ARM.Build.0 = Debug|Any CPU
		{6342EB97-8824-4229-BA5C-16A8CDADB87E}.Debug|ARM64.ActiveCfg = Debug|Any CPU
		{6342EB97-8824-4229-BA5C-16A8CDADB87E}.Debug|ARM64.Build.0 = Debug|Any CPU
		{6342EB97-8824-4229-BA5C-16A8CDADB87E}.Debug|x64.ActiveCfg = Debug|Any CPU
		{6342EB97-8824-4229-BA5C-16A8CDADB87E}.Debug|x64.Build.0 = Debug|Any CPU
		{6342EB97-8824-4229-BA5C-16A8CDADB87E}.Debug|x86.ActiveCfg = Debug|Any CPU
		{6342EB97-8824-4229-BA5C-16A8CDADB87E}.Debug|x86.Build.0 = Debug|Any CPU
		{6342EB97-8824-4229-BA5C-16A8CDADB87E}.Release|Any CPU.ActiveCfg = Release|Any CPU
		{6342EB97-8824-4229-BA5C-16A8CDADB87E}.Release|Any CPU.Build.0 = Release|Any CPU
		{6342EB97-8824-4229-BA5C-16A8CDADB87E}.Release|ARM.ActiveCfg = Release|Any CPU
		{6342EB97-8824-4229-BA5C-16A8CDADB87E}.Release|ARM.Build.0 = Release|Any CPU
		{6342EB97-8824-4229-BA5C-16A8CDADB87E}.Release|ARM64.ActiveCfg = Release|Any CPU
		{6342EB97-8824-4229-BA5C-16A8CDADB87E}.Release|ARM64.Build.0 = Release|Any CPU
		{6342EB97-8824-4229-BA5C-16A8CDADB87E}.Release|x64.ActiveCfg = Release|Any CPU
		{6342EB97-8824-4229-BA5C-16A8CDADB87E}.Release|x64.Build.0 = Release|Any CPU
		{6342EB97-8824-4229-BA5C-16A8CDADB87E}.Release|x86.ActiveCfg = Release|Any CPU
		{6342EB97-8824-4229-BA5C-16A8CDADB87E}.Release|x86.Build.0 = Release|Any CPU
		{1237CA79-8507-49D2-9634-A1675CCAFC74}.Debug|Any CPU.ActiveCfg = Debug|Any CPU
		{1237CA79-8507-49D2-9634-A1675CCAFC74}.Debug|Any CPU.Build.0 = Debug|Any CPU
		{1237CA79-8507-49D2-9634-A1675CCAFC74}.Debug|ARM.ActiveCfg = Debug|Any CPU
		{1237CA79-8507-49D2-9634-A1675CCAFC74}.Debug|ARM.Build.0 = Debug|Any CPU
		{1237CA79-8507-49D2-9634-A1675CCAFC74}.Debug|ARM64.ActiveCfg = Debug|Any CPU
		{1237CA79-8507-49D2-9634-A1675CCAFC74}.Debug|ARM64.Build.0 = Debug|Any CPU
		{1237CA79-8507-49D2-9634-A1675CCAFC74}.Debug|x64.ActiveCfg = Debug|Any CPU
		{1237CA79-8507-49D2-9634-A1675CCAFC74}.Debug|x64.Build.0 = Debug|Any CPU
		{1237CA79-8507-49D2-9634-A1675CCAFC74}.Debug|x86.ActiveCfg = Debug|Any CPU
		{1237CA79-8507-49D2-9634-A1675CCAFC74}.Debug|x86.Build.0 = Debug|Any CPU
		{1237CA79-8507-49D2-9634-A1675CCAFC74}.Release|Any CPU.ActiveCfg = Release|Any CPU
		{1237CA79-8507-49D2-9634-A1675CCAFC74}.Release|Any CPU.Build.0 = Release|Any CPU
		{1237CA79-8507-49D2-9634-A1675CCAFC74}.Release|ARM.ActiveCfg = Release|Any CPU
		{1237CA79-8507-49D2-9634-A1675CCAFC74}.Release|ARM.Build.0 = Release|Any CPU
		{1237CA79-8507-49D2-9634-A1675CCAFC74}.Release|ARM64.ActiveCfg = Release|Any CPU
		{1237CA79-8507-49D2-9634-A1675CCAFC74}.Release|ARM64.Build.0 = Release|Any CPU
		{1237CA79-8507-49D2-9634-A1675CCAFC74}.Release|x64.ActiveCfg = Release|Any CPU
		{1237CA79-8507-49D2-9634-A1675CCAFC74}.Release|x64.Build.0 = Release|Any CPU
		{1237CA79-8507-49D2-9634-A1675CCAFC74}.Release|x86.ActiveCfg = Release|Any CPU
		{1237CA79-8507-49D2-9634-A1675CCAFC74}.Release|x86.Build.0 = Release|Any CPU
		{7517758D-3391-470B-B7D7-83C4CB716767}.Debug|Any CPU.ActiveCfg = Debug|Any CPU
		{7517758D-3391-470B-B7D7-83C4CB716767}.Debug|Any CPU.Build.0 = Debug|Any CPU
		{7517758D-3391-470B-B7D7-83C4CB716767}.Debug|ARM.ActiveCfg = Debug|Any CPU
		{7517758D-3391-470B-B7D7-83C4CB716767}.Debug|ARM.Build.0 = Debug|Any CPU
		{7517758D-3391-470B-B7D7-83C4CB716767}.Debug|ARM64.ActiveCfg = Debug|Any CPU
		{7517758D-3391-470B-B7D7-83C4CB716767}.Debug|ARM64.Build.0 = Debug|Any CPU
		{7517758D-3391-470B-B7D7-83C4CB716767}.Debug|x64.ActiveCfg = Debug|Any CPU
		{7517758D-3391-470B-B7D7-83C4CB716767}.Debug|x64.Build.0 = Debug|Any CPU
		{7517758D-3391-470B-B7D7-83C4CB716767}.Debug|x86.ActiveCfg = Debug|Any CPU
		{7517758D-3391-470B-B7D7-83C4CB716767}.Debug|x86.Build.0 = Debug|Any CPU
		{7517758D-3391-470B-B7D7-83C4CB716767}.Release|Any CPU.ActiveCfg = Release|Any CPU
		{7517758D-3391-470B-B7D7-83C4CB716767}.Release|Any CPU.Build.0 = Release|Any CPU
		{7517758D-3391-470B-B7D7-83C4CB716767}.Release|ARM.ActiveCfg = Release|Any CPU
		{7517758D-3391-470B-B7D7-83C4CB716767}.Release|ARM.Build.0 = Release|Any CPU
		{7517758D-3391-470B-B7D7-83C4CB716767}.Release|ARM64.ActiveCfg = Release|Any CPU
		{7517758D-3391-470B-B7D7-83C4CB716767}.Release|ARM64.Build.0 = Release|Any CPU
		{7517758D-3391-470B-B7D7-83C4CB716767}.Release|x64.ActiveCfg = Release|Any CPU
		{7517758D-3391-470B-B7D7-83C4CB716767}.Release|x64.Build.0 = Release|Any CPU
		{7517758D-3391-470B-B7D7-83C4CB716767}.Release|x86.ActiveCfg = Release|Any CPU
		{7517758D-3391-470B-B7D7-83C4CB716767}.Release|x86.Build.0 = Release|Any CPU
		{430A638C-DFA1-4263-AE50-8D7C16213B7A}.Debug|Any CPU.ActiveCfg = Debug|Any CPU
		{430A638C-DFA1-4263-AE50-8D7C16213B7A}.Debug|Any CPU.Build.0 = Debug|Any CPU
		{430A638C-DFA1-4263-AE50-8D7C16213B7A}.Debug|ARM.ActiveCfg = Debug|Any CPU
		{430A638C-DFA1-4263-AE50-8D7C16213B7A}.Debug|ARM.Build.0 = Debug|Any CPU
		{430A638C-DFA1-4263-AE50-8D7C16213B7A}.Debug|ARM64.ActiveCfg = Debug|Any CPU
		{430A638C-DFA1-4263-AE50-8D7C16213B7A}.Debug|ARM64.Build.0 = Debug|Any CPU
		{430A638C-DFA1-4263-AE50-8D7C16213B7A}.Debug|x64.ActiveCfg = Debug|Any CPU
		{430A638C-DFA1-4263-AE50-8D7C16213B7A}.Debug|x64.Build.0 = Debug|Any CPU
		{430A638C-DFA1-4263-AE50-8D7C16213B7A}.Debug|x86.ActiveCfg = Debug|Any CPU
		{430A638C-DFA1-4263-AE50-8D7C16213B7A}.Debug|x86.Build.0 = Debug|Any CPU
		{430A638C-DFA1-4263-AE50-8D7C16213B7A}.Release|Any CPU.ActiveCfg = Release|Any CPU
		{430A638C-DFA1-4263-AE50-8D7C16213B7A}.Release|Any CPU.Build.0 = Release|Any CPU
		{430A638C-DFA1-4263-AE50-8D7C16213B7A}.Release|ARM.ActiveCfg = Release|Any CPU
		{430A638C-DFA1-4263-AE50-8D7C16213B7A}.Release|ARM.Build.0 = Release|Any CPU
		{430A638C-DFA1-4263-AE50-8D7C16213B7A}.Release|ARM64.ActiveCfg = Release|Any CPU
		{430A638C-DFA1-4263-AE50-8D7C16213B7A}.Release|ARM64.Build.0 = Release|Any CPU
		{430A638C-DFA1-4263-AE50-8D7C16213B7A}.Release|x64.ActiveCfg = Release|Any CPU
		{430A638C-DFA1-4263-AE50-8D7C16213B7A}.Release|x64.Build.0 = Release|Any CPU
		{430A638C-DFA1-4263-AE50-8D7C16213B7A}.Release|x86.ActiveCfg = Release|Any CPU
		{430A638C-DFA1-4263-AE50-8D7C16213B7A}.Release|x86.Build.0 = Release|Any CPU
	EndGlobalSection
	GlobalSection(SolutionProperties) = preSolution
		HideSolutionNode = FALSE
	EndGlobalSection
	GlobalSection(NestedProjects) = preSolution
		{6342EB97-8824-4229-BA5C-16A8CDADB87E} = {0A94493F-1B63-480E-BFED-4C58ED5E5A6F}
		{1237CA79-8507-49D2-9634-A1675CCAFC74} = {C401C79B-772C-4550-B79A-0EF79A24E1BB}
		{7517758D-3391-470B-B7D7-83C4CB716767} = {CB963EF2-186E-44F9-BEDC-C06BDDC059B9}
		{430A638C-DFA1-4263-AE50-8D7C16213B7A} = {CB963EF2-186E-44F9-BEDC-C06BDDC059B9}
	EndGlobalSection
	GlobalSection(ExtensibilityGlobals) = postSolution
		SolutionGuid = {FCEFB6B9-A19C-4252-9907-B6DBCC5C22DB}
	EndGlobalSection
EndGlobal
