
Microsoft Visual Studio Solution File, Format Version 12.00
# Visual Studio Version 16
VisualStudioVersion = 16.0.28803.452
MinimumVisualStudioVersion = 10.0.40219.1
Project("{FAE04EC0-301F-11D3-BF4B-00C04F79EFBC}") = "GeoServer", "GeoServer\GeoServer.csproj", "{69FF69E9-6249-4C9D-BB71-D54AB11BF30E}"
EndProject
Global
	GlobalSection(SolutionConfigurationPlatforms) = preSolution
		Debug|Any CPU = Debug|Any CPU
		Release|Any CPU = Release|Any CPU
	EndGlobalSection
	GlobalSection(ProjectConfigurationPlatforms) = postSolution
		{69FF69E9-6249-4C9D-BB71-D54AB11BF30E}.Debug|Any CPU.ActiveCfg = Debug|Any CPU
		{69FF69E9-6249-4C9D-BB71-D54AB11BF30E}.Debug|Any CPU.Build.0 = Debug|Any CPU
		{69FF69E9-6249-4C9D-BB71-D54AB11BF30E}.Release|Any CPU.ActiveCfg = Release|Any CPU
		{69FF69E9-6249-4C9D-BB71-D54AB11BF30E}.Release|Any CPU.Build.0 = Release|Any CPU
	EndGlobalSection
	GlobalSection(SolutionProperties) = preSolution
		HideSolutionNode = FALSE
	EndGlobalSection
	GlobalSection(ExtensibilityGlobals) = postSolution
		SolutionGuid = {FCEFB6B9-A19C-4252-9907-B6DBCC5C22DB}
	EndGlobalSection
EndGlobal
